
Microsoft Visual Studio Solution File, Format Version 12.00
# Visual Studio Version 16
VisualStudioVersion = 16.0.29519.181
MinimumVisualStudioVersion = 10.0.40219.1
Project("{FAE04EC0-301F-11D3-BF4B-00C04F79EFBC}") = "CleanCodeExamples", "CleanCodeExamples\CleanCodeExamples.csproj", "{D7873416-3453-4F82-9EA0-5B367B3ABC81}"
EndProject
Project("{FAE04EC0-301F-11D3-BF4B-00C04F79EFBC}") = "CleanCodeExamplesConsole", "CleanCodeExamplesConsole\CleanCodeExamplesConsole.csproj", "{05F215A7-580E-4C3A-9F6E-30A17B923821}"
EndProject
Global
	GlobalSection(SolutionConfigurationPlatforms) = preSolution
		Debug|Any CPU = Debug|Any CPU
		Release|Any CPU = Release|Any CPU
	EndGlobalSection
	GlobalSection(ProjectConfigurationPlatforms) = postSolution
		{D7873416-3453-4F82-9EA0-5B367B3ABC81}.Debug|Any CPU.ActiveCfg = Debug|Any CPU
		{D7873416-3453-4F82-9EA0-5B367B3ABC81}.Debug|Any CPU.Build.0 = Debug|Any CPU
		{D7873416-3453-4F82-9EA0-5B367B3ABC81}.Release|Any CPU.ActiveCfg = Release|Any CPU
		{D7873416-3453-4F82-9EA0-5B367B3ABC81}.Release|Any CPU.Build.0 = Release|Any CPU
		{05F215A7-580E-4C3A-9F6E-30A17B923821}.Debug|Any CPU.ActiveCfg = Debug|Any CPU
		{05F215A7-580E-4C3A-9F6E-30A17B923821}.Debug|Any CPU.Build.0 = Debug|Any CPU
		{05F215A7-580E-4C3A-9F6E-30A17B923821}.Release|Any CPU.ActiveCfg = Release|Any CPU
		{05F215A7-580E-4C3A-9F6E-30A17B923821}.Release|Any CPU.Build.0 = Release|Any CPU
	EndGlobalSection
	GlobalSection(SolutionProperties) = preSolution
		HideSolutionNode = FALSE
	EndGlobalSection
	GlobalSection(ExtensibilityGlobals) = postSolution
		SolutionGuid = {927E1D0E-8BA9-4CDB-B6E7-963F0CF2F462}
	EndGlobalSection
EndGlobal
